
Microsoft Visual Studio Solution File, Format Version 12.00
# Visual Studio Version 17
VisualStudioVersion = 17.1.32104.313
MinimumVisualStudioVersion = 10.0.40219.1
Project("{9A19103F-16F7-4668-BE54-9A1E7A4F7556}") = "MyProject", "MyProject\MyProject.csproj", "{85A7C213-B8F5-4744-ABC2-BF3CECA84BF8}"
EndProject
Project("{9A19103F-16F7-4668-BE54-9A1E7A4F7556}") = "MyProject.GUI", "MyProject.GUI\MyProject.GUI.csproj", "{C9CBD2D4-BF92-42A6-A2A3-7C7CC44B685C}"
EndProject
Project("{FAE04EC0-301F-11D3-BF4B-00C04F79EFBC}") = "MyProject.Tests", "MyProject.Tests\MyProject.Tests.csproj", "{45DA022A-4BA4-403D-810D-895FBC397F77}"
EndProject
Project("{2150E333-8FDC-42A3-9474-1A3956D46DE8}") = "Exercise", "Exercise", "{9B186ADB-5C0C-47CE-B278-98D79D22147C}"
EndProject
Project("{FAE04EC0-301F-11D3-BF4B-00C04F79EFBC}") = "Exercise", "Exercise\Exercise\Exercise.csproj", "{3FE3A01D-FD54-4398-83A2-A6F313CF6A0A}"
EndProject
Project("{FAE04EC0-301F-11D3-BF4B-00C04F79EFBC}") = "Escercise.Tests", "Exercise\Escercise.Tests\Escercise.Tests.csproj", "{A030CAE1-AD83-4066-B696-5C605C02508F}"
EndProject
Global
	GlobalSection(SolutionConfigurationPlatforms) = preSolution
		Debug|Any CPU = Debug|Any CPU
		Release|Any CPU = Release|Any CPU
	EndGlobalSection
	GlobalSection(ProjectConfigurationPlatforms) = postSolution
		{85A7C213-B8F5-4744-ABC2-BF3CECA84BF8}.Debug|Any CPU.ActiveCfg = Debug|Any CPU
		{85A7C213-B8F5-4744-ABC2-BF3CECA84BF8}.Debug|Any CPU.Build.0 = Debug|Any CPU
		{85A7C213-B8F5-4744-ABC2-BF3CECA84BF8}.Release|Any CPU.ActiveCfg = Release|Any CPU
		{85A7C213-B8F5-4744-ABC2-BF3CECA84BF8}.Release|Any CPU.Build.0 = Release|Any CPU
		{C9CBD2D4-BF92-42A6-A2A3-7C7CC44B685C}.Debug|Any CPU.ActiveCfg = Debug|Any CPU
		{C9CBD2D4-BF92-42A6-A2A3-7C7CC44B685C}.Debug|Any CPU.Build.0 = Debug|Any CPU
		{C9CBD2D4-BF92-42A6-A2A3-7C7CC44B685C}.Release|Any CPU.ActiveCfg = Release|Any CPU
		{C9CBD2D4-BF92-42A6-A2A3-7C7CC44B685C}.Release|Any CPU.Build.0 = Release|Any CPU
		{45DA022A-4BA4-403D-810D-895FBC397F77}.Debug|Any CPU.ActiveCfg = Debug|Any CPU
		{45DA022A-4BA4-403D-810D-895FBC397F77}.Debug|Any CPU.Build.0 = Debug|Any CPU
		{45DA022A-4BA4-403D-810D-895FBC397F77}.Release|Any CPU.ActiveCfg = Release|Any CPU
		{45DA022A-4BA4-403D-810D-895FBC397F77}.Release|Any CPU.Build.0 = Release|Any CPU
		{3FE3A01D-FD54-4398-83A2-A6F313CF6A0A}.Debug|Any CPU.ActiveCfg = Debug|Any CPU
		{3FE3A01D-FD54-4398-83A2-A6F313CF6A0A}.Debug|Any CPU.Build.0 = Debug|Any CPU
		{3FE3A01D-FD54-4398-83A2-A6F313CF6A0A}.Release|Any CPU.ActiveCfg = Release|Any CPU
		{3FE3A01D-FD54-4398-83A2-A6F313CF6A0A}.Release|Any CPU.Build.0 = Release|Any CPU
		{A030CAE1-AD83-4066-B696-5C605C02508F}.Debug|Any CPU.ActiveCfg = Debug|Any CPU
		{A030CAE1-AD83-4066-B696-5C605C02508F}.Debug|Any CPU.Build.0 = Debug|Any CPU
		{A030CAE1-AD83-4066-B696-5C605C02508F}.Release|Any CPU.ActiveCfg = Release|Any CPU
		{A030CAE1-AD83-4066-B696-5C605C02508F}.Release|Any CPU.Build.0 = Release|Any CPU
	EndGlobalSection
	GlobalSection(SolutionProperties) = preSolution
		HideSolutionNode = FALSE
	EndGlobalSection
	GlobalSection(ExtensibilityGlobals) = postSolution
		SolutionGuid = {4A499EA7-4C5F-45B8-A8A4-353ED1AE4FD6}
	EndGlobalSection
	GlobalSection(NestedProjects) = preSolution
		{3FE3A01D-FD54-4398-83A2-A6F313CF6A0A} = {9B186ADB-5C0C-47CE-B278-98D79D22147C}
		{A030CAE1-AD83-4066-B696-5C605C02508F} = {9B186ADB-5C0C-47CE-B278-98D79D22147C}
	EndGlobalSection
EndGlobal
